
Microsoft Visual Studio Solution File, Format Version 12.00
# Visual Studio Version 17
VisualStudioVersion = 17.0.32014.148
MinimumVisualStudioVersion = 10.0.40219.1
Project("{9A19103F-16F7-4668-BE54-9A1E7A4F7556}") = "Task.1", "Task.1\Task.1.csproj", "{3BD084BD-7DCB-4FEA-A99E-A8084144E702}"
EndProject
Project("{9A19103F-16F7-4668-BE54-9A1E7A4F7556}") = "Task.2", "Task.2\Task.2.csproj", "{61C5902F-4683-4319-B2F5-670634A579C1}"
EndProject
Project("{9A19103F-16F7-4668-BE54-9A1E7A4F7556}") = "Task.3", "Task.3\Task.3.csproj", "{D2F383AA-ED81-4B12-A296-60054F409251}"
EndProject
Project("{9A19103F-16F7-4668-BE54-9A1E7A4F7556}") = "Task.4", "Task.4\Task.4.csproj", "{2FF95D9F-AA97-4AE8-94C7-FF635A971976}"
EndProject
Project("{9A19103F-16F7-4668-BE54-9A1E7A4F7556}") = "Task.5", "Task.5\Task.5.csproj", "{A443FADB-A684-4D4D-B5FD-0204EF759699}"
EndProject
Project("{9A19103F-16F7-4668-BE54-9A1E7A4F7556}") = "Task.6", "Task.6\Task.6.csproj", "{C7204D50-00B5-42B2-8862-1986DED2FFCB}"
EndProject
Project("{9A19103F-16F7-4668-BE54-9A1E7A4F7556}") = "Task.7", "Task.7\Task.7.csproj", "{3DFE9E73-E7BE-47D2-9F43-FD2E02642F09}"
EndProject
Project("{9A19103F-16F7-4668-BE54-9A1E7A4F7556}") = "Task.8", "Task.8\Task.8.csproj", "{00CD3C4E-89C8-4ADE-8BE8-B9D76B09488B}"
EndProject
Project("{9A19103F-16F7-4668-BE54-9A1E7A4F7556}") = "Task.9", "Task.9\Task.9.csproj", "{19AB0FD5-3AAA-46BC-A354-0FC992D86550}"
EndProject
Project("{9A19103F-16F7-4668-BE54-9A1E7A4F7556}") = "Task.10", "Task.10\Task.10.csproj", "{825D41AA-1975-423A-A2C8-C2881B8E8F19}"
EndProject
Project("{9A19103F-16F7-4668-BE54-9A1E7A4F7556}") = "Task.11", "Task.11\Task.11.csproj", "{A40365B4-842A-4AAD-959E-D9785173A82F}"
EndProject
Project("{9A19103F-16F7-4668-BE54-9A1E7A4F7556}") = "Task.12", "Task.12\Task.12.csproj", "{9E9CC733-7E46-4BE7-89E0-B2CDAFC2E654}"
EndProject
Project("{9A19103F-16F7-4668-BE54-9A1E7A4F7556}") = "Task.13", "Task.13\Task.13.csproj", "{971499D3-0BDF-4610-9258-F3997F807528}"
EndProject
Project("{9A19103F-16F7-4668-BE54-9A1E7A4F7556}") = "Task.14", "Task.14\Task.14.csproj", "{41E59930-94EF-47F8-85CA-79B1918432D4}"
EndProject
Project("{9A19103F-16F7-4668-BE54-9A1E7A4F7556}") = "Task.15", "Task.15\Task.15.csproj", "{86473D3E-D31D-42BC-A34C-B5A3AE670544}"
EndProject
Project("{FAE04EC0-301F-11D3-BF4B-00C04F79EFBC}") = "Pseudkocode.Task.3", "Pseudkocode.Task.2\Pseudkocode.Task.3.csproj", "{79EE7B23-4B6A-4C08-BF19-2A4C41CE839B}"
EndProject
Project("{FAE04EC0-301F-11D3-BF4B-00C04F79EFBC}") = "Pseudocode.Task.4", "Pseudocode.Task.4\Pseudocode.Task.4.csproj", "{04B27169-870E-426C-8B18-5779D43D19A6}"
EndProject
Project("{FAE04EC0-301F-11D3-BF4B-00C04F79EFBC}") = "Pseudocode.Task.5", "Pseudocode.Task.5\Pseudocode.Task.5.csproj", "{1325F00B-F583-47A1-A79C-59E001FB5EE1}"
EndProject
Global
	GlobalSection(SolutionConfigurationPlatforms) = preSolution
		Debug|Any CPU = Debug|Any CPU
		Release|Any CPU = Release|Any CPU
	EndGlobalSection
	GlobalSection(ProjectConfigurationPlatforms) = postSolution
		{3BD084BD-7DCB-4FEA-A99E-A8084144E702}.Debug|Any CPU.ActiveCfg = Debug|Any CPU
		{3BD084BD-7DCB-4FEA-A99E-A8084144E702}.Debug|Any CPU.Build.0 = Debug|Any CPU
		{3BD084BD-7DCB-4FEA-A99E-A8084144E702}.Release|Any CPU.ActiveCfg = Release|Any CPU
		{3BD084BD-7DCB-4FEA-A99E-A8084144E702}.Release|Any CPU.Build.0 = Release|Any CPU
		{61C5902F-4683-4319-B2F5-670634A579C1}.Debug|Any CPU.ActiveCfg = Debug|Any CPU
		{61C5902F-4683-4319-B2F5-670634A579C1}.Debug|Any CPU.Build.0 = Debug|Any CPU
		{61C5902F-4683-4319-B2F5-670634A579C1}.Release|Any CPU.ActiveCfg = Release|Any CPU
		{61C5902F-4683-4319-B2F5-670634A579C1}.Release|Any CPU.Build.0 = Release|Any CPU
		{D2F383AA-ED81-4B12-A296-60054F409251}.Debug|Any CPU.ActiveCfg = Debug|Any CPU
		{D2F383AA-ED81-4B12-A296-60054F409251}.Debug|Any CPU.Build.0 = Debug|Any CPU
		{D2F383AA-ED81-4B12-A296-60054F409251}.Release|Any CPU.ActiveCfg = Release|Any CPU
		{D2F383AA-ED81-4B12-A296-60054F409251}.Release|Any CPU.Build.0 = Release|Any CPU
		{2FF95D9F-AA97-4AE8-94C7-FF635A971976}.Debug|Any CPU.ActiveCfg = Debug|Any CPU
		{2FF95D9F-AA97-4AE8-94C7-FF635A971976}.Debug|Any CPU.Build.0 = Debug|Any CPU
		{2FF95D9F-AA97-4AE8-94C7-FF635A971976}.Release|Any CPU.ActiveCfg = Release|Any CPU
		{2FF95D9F-AA97-4AE8-94C7-FF635A971976}.Release|Any CPU.Build.0 = Release|Any CPU
		{A443FADB-A684-4D4D-B5FD-0204EF759699}.Debug|Any CPU.ActiveCfg = Debug|Any CPU
		{A443FADB-A684-4D4D-B5FD-0204EF759699}.Debug|Any CPU.Build.0 = Debug|Any CPU
		{A443FADB-A684-4D4D-B5FD-0204EF759699}.Release|Any CPU.ActiveCfg = Release|Any CPU
		{A443FADB-A684-4D4D-B5FD-0204EF759699}.Release|Any CPU.Build.0 = Release|Any CPU
		{C7204D50-00B5-42B2-8862-1986DED2FFCB}.Debug|Any CPU.ActiveCfg = Debug|Any CPU
		{C7204D50-00B5-42B2-8862-1986DED2FFCB}.Debug|Any CPU.Build.0 = Debug|Any CPU
		{C7204D50-00B5-42B2-8862-1986DED2FFCB}.Release|Any CPU.ActiveCfg = Release|Any CPU
		{C7204D50-00B5-42B2-8862-1986DED2FFCB}.Release|Any CPU.Build.0 = Release|Any CPU
		{3DFE9E73-E7BE-47D2-9F43-FD2E02642F09}.Debug|Any CPU.ActiveCfg = Debug|Any CPU
		{3DFE9E73-E7BE-47D2-9F43-FD2E02642F09}.Debug|Any CPU.Build.0 = Debug|Any CPU
		{3DFE9E73-E7BE-47D2-9F43-FD2E02642F09}.Release|Any CPU.ActiveCfg = Release|Any CPU
		{3DFE9E73-E7BE-47D2-9F43-FD2E02642F09}.Release|Any CPU.Build.0 = Release|Any CPU
		{00CD3C4E-89C8-4ADE-8BE8-B9D76B09488B}.Debug|Any CPU.ActiveCfg = Debug|Any CPU
		{00CD3C4E-89C8-4ADE-8BE8-B9D76B09488B}.Debug|Any CPU.Build.0 = Debug|Any CPU
		{00CD3C4E-89C8-4ADE-8BE8-B9D76B09488B}.Release|Any CPU.ActiveCfg = Release|Any CPU
		{00CD3C4E-89C8-4ADE-8BE8-B9D76B09488B}.Release|Any CPU.Build.0 = Release|Any CPU
		{19AB0FD5-3AAA-46BC-A354-0FC992D86550}.Debug|Any CPU.ActiveCfg = Debug|Any CPU
		{19AB0FD5-3AAA-46BC-A354-0FC992D86550}.Debug|Any CPU.Build.0 = Debug|Any CPU
		{19AB0FD5-3AAA-46BC-A354-0FC992D86550}.Release|Any CPU.ActiveCfg = Release|Any CPU
		{19AB0FD5-3AAA-46BC-A354-0FC992D86550}.Release|Any CPU.Build.0 = Release|Any CPU
		{825D41AA-1975-423A-A2C8-C2881B8E8F19}.Debug|Any CPU.ActiveCfg = Debug|Any CPU
		{825D41AA-1975-423A-A2C8-C2881B8E8F19}.Debug|Any CPU.Build.0 = Debug|Any CPU
		{825D41AA-1975-423A-A2C8-C2881B8E8F19}.Release|Any CPU.ActiveCfg = Release|Any CPU
		{825D41AA-1975-423A-A2C8-C2881B8E8F19}.Release|Any CPU.Build.0 = Release|Any CPU
		{A40365B4-842A-4AAD-959E-D9785173A82F}.Debug|Any CPU.ActiveCfg = Debug|Any CPU
		{A40365B4-842A-4AAD-959E-D9785173A82F}.Debug|Any CPU.Build.0 = Debug|Any CPU
		{A40365B4-842A-4AAD-959E-D9785173A82F}.Release|Any CPU.ActiveCfg = Release|Any CPU
		{A40365B4-842A-4AAD-959E-D9785173A82F}.Release|Any CPU.Build.0 = Release|Any CPU
		{9E9CC733-7E46-4BE7-89E0-B2CDAFC2E654}.Debug|Any CPU.ActiveCfg = Debug|Any CPU
		{9E9CC733-7E46-4BE7-89E0-B2CDAFC2E654}.Debug|Any CPU.Build.0 = Debug|Any CPU
		{9E9CC733-7E46-4BE7-89E0-B2CDAFC2E654}.Release|Any CPU.ActiveCfg = Release|Any CPU
		{9E9CC733-7E46-4BE7-89E0-B2CDAFC2E654}.Release|Any CPU.Build.0 = Release|Any CPU
		{971499D3-0BDF-4610-9258-F3997F807528}.Debug|Any CPU.ActiveCfg = Debug|Any CPU
		{971499D3-0BDF-4610-9258-F3997F807528}.Debug|Any CPU.Build.0 = Debug|Any CPU
		{971499D3-0BDF-4610-9258-F3997F807528}.Release|Any CPU.ActiveCfg = Release|Any CPU
		{971499D3-0BDF-4610-9258-F3997F807528}.Release|Any CPU.Build.0 = Release|Any CPU
		{41E59930-94EF-47F8-85CA-79B1918432D4}.Debug|Any CPU.ActiveCfg = Debug|Any CPU
		{41E59930-94EF-47F8-85CA-79B1918432D4}.Debug|Any CPU.Build.0 = Debug|Any CPU
		{41E59930-94EF-47F8-85CA-79B1918432D4}.Release|Any CPU.ActiveCfg = Release|Any CPU
		{41E59930-94EF-47F8-85CA-79B1918432D4}.Release|Any CPU.Build.0 = Release|Any CPU
		{86473D3E-D31D-42BC-A34C-B5A3AE670544}.Debug|Any CPU.ActiveCfg = Debug|Any CPU
		{86473D3E-D31D-42BC-A34C-B5A3AE670544}.Debug|Any CPU.Build.0 = Debug|Any CPU
		{86473D3E-D31D-42BC-A34C-B5A3AE670544}.Release|Any CPU.ActiveCfg = Release|Any CPU
		{86473D3E-D31D-42BC-A34C-B5A3AE670544}.Release|Any CPU.Build.0 = Release|Any CPU
		{79EE7B23-4B6A-4C08-BF19-2A4C41CE839B}.Debug|Any CPU.ActiveCfg = Debug|Any CPU
		{79EE7B23-4B6A-4C08-BF19-2A4C41CE839B}.Debug|Any CPU.Build.0 = Debug|Any CPU
		{79EE7B23-4B6A-4C08-BF19-2A4C41CE839B}.Release|Any CPU.ActiveCfg = Release|Any CPU
		{79EE7B23-4B6A-4C08-BF19-2A4C41CE839B}.Release|Any CPU.Build.0 = Release|Any CPU
		{04B27169-870E-426C-8B18-5779D43D19A6}.Debug|Any CPU.ActiveCfg = Debug|Any CPU
		{04B27169-870E-426C-8B18-5779D43D19A6}.Debug|Any CPU.Build.0 = Debug|Any CPU
		{04B27169-870E-426C-8B18-5779D43D19A6}.Release|Any CPU.ActiveCfg = Release|Any CPU
		{04B27169-870E-426C-8B18-5779D43D19A6}.Release|Any CPU.Build.0 = Release|Any CPU
		{1325F00B-F583-47A1-A79C-59E001FB5EE1}.Debug|Any CPU.ActiveCfg = Debug|Any CPU
		{1325F00B-F583-47A1-A79C-59E001FB5EE1}.Debug|Any CPU.Build.0 = Debug|Any CPU
		{1325F00B-F583-47A1-A79C-59E001FB5EE1}.Release|Any CPU.ActiveCfg = Release|Any CPU
		{1325F00B-F583-47A1-A79C-59E001FB5EE1}.Release|Any CPU.Build.0 = Release|Any CPU
	EndGlobalSection
	GlobalSection(SolutionProperties) = preSolution
		HideSolutionNode = FALSE
	EndGlobalSection
	GlobalSection(ExtensibilityGlobals) = postSolution
		SolutionGuid = {6CE2ABB9-AD8E-414F-ABC7-B922E8A66940}
	EndGlobalSection
EndGlobal
